
Microsoft Visual Studio Solution File, Format Version 12.00
# Visual Studio 14
VisualStudioVersion = 14.0.25420.1
MinimumVisualStudioVersion = 10.0.40219.1
Project("{FAE04EC0-301F-11D3-BF4B-00C04F79EFBC}") = "WebExDownloadVideo", "WebExDownloadVideo\WebExDownloadVideo.csproj", "{3A34D344-5DE6-41B2-9F66-A3ED6E9CF60E}"
EndProject
Global
	GlobalSection(SolutionConfigurationPlatforms) = preSolution
		Debug|Any CPU = Debug|Any CPU
		Release|Any CPU = Release|Any CPU
	EndGlobalSection
	GlobalSection(ProjectConfigurationPlatforms) = postSolution
		{3A34D344-5DE6-41B2-9F66-A3ED6E9CF60E}.Debug|Any CPU.ActiveCfg = Debug|Any CPU
		{3A34D344-5DE6-41B2-9F66-A3ED6E9CF60E}.Debug|Any CPU.Build.0 = Debug|Any CPU
		{3A34D344-5DE6-41B2-9F66-A3ED6E9CF60E}.Release|Any CPU.ActiveCfg = Release|Any CPU
		{3A34D344-5DE6-41B2-9F66-A3ED6E9CF60E}.Release|Any CPU.Build.0 = Release|Any CPU
	EndGlobalSection
	GlobalSection(SolutionProperties) = preSolution
		HideSolutionNode = FALSE
	EndGlobalSection
EndGlobal
